
Microsoft Visual Studio Solution File, Format Version 12.00
# Visual Studio Version 17
VisualStudioVersion = 17.5.002.0
MinimumVisualStudioVersion = 10.0.40219.1
Project("{9A19103F-16F7-4668-BE54-9A1E7A4F7556}") = "Eduhub_MVC", "Eduhub_MVC\Eduhub_MVC.csproj", "{21D22278-8B7E-402E-9BE6-52E5CDE8398F}"
EndProject
Global
	GlobalSection(SolutionConfigurationPlatforms) = preSolution
		Debug|Any CPU = Debug|Any CPU
		Release|Any CPU = Release|Any CPU
	EndGlobalSection
	GlobalSection(ProjectConfigurationPlatforms) = postSolution
		{21D22278-8B7E-402E-9BE6-52E5CDE8398F}.Debug|Any CPU.ActiveCfg = Debug|Any CPU
		{21D22278-8B7E-402E-9BE6-52E5CDE8398F}.Debug|Any CPU.Build.0 = Debug|Any CPU
		{21D22278-8B7E-402E-9BE6-52E5CDE8398F}.Release|Any CPU.ActiveCfg = Release|Any CPU
		{21D22278-8B7E-402E-9BE6-52E5CDE8398F}.Release|Any CPU.Build.0 = Release|Any CPU
	EndGlobalSection
	GlobalSection(SolutionProperties) = preSolution
		HideSolutionNode = FALSE
	EndGlobalSection
	GlobalSection(ExtensibilityGlobals) = postSolution
		SolutionGuid = {EC1AA069-B307-42E4-84CE-99E0D226A059}
	EndGlobalSection
EndGlobal
